
Microsoft Visual Studio Solution File, Format Version 12.00
# Visual Studio Version 17
VisualStudioVersion = 17.0.31903.59
MinimumVisualStudioVersion = 10.0.40219.1
Project("{FAE04EC0-301F-11D3-BF4B-00C04F79EFBC}") = "CleanerRobot", "CleanerRobot\CleanerRobot.csproj", "{D55BE5D4-FCC3-4AEE-9233-2700299BFB7A}"
EndProject
Project("{FAE04EC0-301F-11D3-BF4B-00C04F79EFBC}") = "CleanerRobotTests", "CleanerRobotTests\CleanerRobotTests.csproj", "{F3A44285-589C-49E5-BA7F-3A6F36E4E96C}"
EndProject
Project("{2150E333-8FDC-42A3-9474-1A3956D46DE8}") = "Solution Items", "Solution Items", "{791F848E-87B4-423B-8C7E-78BCF821E4DF}"
EndProject
Global
	GlobalSection(SolutionConfigurationPlatforms) = preSolution
		Debug|Any CPU = Debug|Any CPU
		Release|Any CPU = Release|Any CPU
	EndGlobalSection
	GlobalSection(ProjectConfigurationPlatforms) = postSolution
		{D55BE5D4-FCC3-4AEE-9233-2700299BFB7A}.Debug|Any CPU.ActiveCfg = Debug|Any CPU
		{D55BE5D4-FCC3-4AEE-9233-2700299BFB7A}.Debug|Any CPU.Build.0 = Debug|Any CPU
		{D55BE5D4-FCC3-4AEE-9233-2700299BFB7A}.Release|Any CPU.ActiveCfg = Release|Any CPU
		{D55BE5D4-FCC3-4AEE-9233-2700299BFB7A}.Release|Any CPU.Build.0 = Release|Any CPU
		{F3A44285-589C-49E5-BA7F-3A6F36E4E96C}.Debug|Any CPU.ActiveCfg = Debug|Any CPU
		{F3A44285-589C-49E5-BA7F-3A6F36E4E96C}.Debug|Any CPU.Build.0 = Debug|Any CPU
		{F3A44285-589C-49E5-BA7F-3A6F36E4E96C}.Release|Any CPU.ActiveCfg = Release|Any CPU
		{F3A44285-589C-49E5-BA7F-3A6F36E4E96C}.Release|Any CPU.Build.0 = Release|Any CPU
	EndGlobalSection
	GlobalSection(SolutionProperties) = preSolution
		HideSolutionNode = FALSE
	EndGlobalSection
	GlobalSection(ExtensibilityGlobals) = postSolution
		SolutionGuid = {0486D5E6-0C30-4D84-94D9-D4999E1A9679}
	EndGlobalSection
EndGlobal
